
Microsoft Visual Studio Solution File, Format Version 12.00
# Visual Studio Version 16
VisualStudioVersion = 16.0.30320.27
MinimumVisualStudioVersion = 10.0.40219.1
Project("{9A19103F-16F7-4668-BE54-9A1E7A4F7556}") = "ShimmyMySherbet.MySQL.EF", "ShimmyMySherbet.MySQLEntityFramework\ShimmyMySherbet.MySQL.EF.csproj", "{71AE8410-534C-4F13-8AF1-7DD7C6F8D7B2}"
EndProject
Project("{FAE04EC0-301F-11D3-BF4B-00C04F79EFBC}") = "ExampleApp", "ExampleApp\ExampleApp.csproj", "{91665F0E-10C8-47CD-BCF9-5D079B7ABDBB}"
EndProject
Global
	GlobalSection(SolutionConfigurationPlatforms) = preSolution
		Debug|Any CPU = Debug|Any CPU
		Release|Any CPU = Release|Any CPU
	EndGlobalSection
	GlobalSection(ProjectConfigurationPlatforms) = postSolution
		{71AE8410-534C-4F13-8AF1-7DD7C6F8D7B2}.Debug|Any CPU.ActiveCfg = Debug|Any CPU
		{71AE8410-534C-4F13-8AF1-7DD7C6F8D7B2}.Debug|Any CPU.Build.0 = Debug|Any CPU
		{71AE8410-534C-4F13-8AF1-7DD7C6F8D7B2}.Release|Any CPU.ActiveCfg = Release|Any CPU
		{71AE8410-534C-4F13-8AF1-7DD7C6F8D7B2}.Release|Any CPU.Build.0 = Release|Any CPU
		{91665F0E-10C8-47CD-BCF9-5D079B7ABDBB}.Debug|Any CPU.ActiveCfg = Debug|Any CPU
		{91665F0E-10C8-47CD-BCF9-5D079B7ABDBB}.Debug|Any CPU.Build.0 = Debug|Any CPU
		{91665F0E-10C8-47CD-BCF9-5D079B7ABDBB}.Release|Any CPU.ActiveCfg = Release|Any CPU
		{91665F0E-10C8-47CD-BCF9-5D079B7ABDBB}.Release|Any CPU.Build.0 = Release|Any CPU
	EndGlobalSection
	GlobalSection(SolutionProperties) = preSolution
		HideSolutionNode = FALSE
	EndGlobalSection
	GlobalSection(ExtensibilityGlobals) = postSolution
		SolutionGuid = {A06FBB5A-0A6C-4267-A0B4-3B5DB1D7CC58}
	EndGlobalSection
EndGlobal
